// !$*UTF8*$!
{
	archiveVersion = 1;
	classes = {
	};
	objectVersion = 46;
	objects = {

/* Begin PBXBuildFile section */
		143C5551195AE5B40069F08E /* TextStatesViewController.m in Sources */ = {isa = PBXBuildFile; fileRef = 143C5550195AE5B40069F08E /* TextStatesViewController.m */; };
		144BE8AB19596BAB0032B2EC /* Foundation.framework in Frameworks */ = {isa = PBXBuildFile; fileRef = 144BE8AA19596BAB0032B2EC /* Foundation.framework */; };
		144BE8AD19596BAB0032B2EC /* CoreGraphics.framework in Frameworks */ = {isa = PBXBuildFile; fileRef = 144BE8AC19596BAB0032B2EC /* CoreGraphics.framework */; };
		144BE8AF19596BAB0032B2EC /* UIKit.framework in Frameworks */ = {isa = PBXBuildFile; fileRef = 144BE8AE19596BAB0032B2EC /* UIKit.framework */; };
		144BE8B519596BAB0032B2EC /* InfoPlist.strings in Resources */ = {isa = PBXBuildFile; fileRef = 144BE8B319596BAB0032B2EC /* InfoPlist.strings */; };
		144BE8B719596BAB0032B2EC /* main.m in Sources */ = {isa = PBXBuildFile; fileRef = 144BE8B619596BAB0032B2EC /* main.m */; };
		144BE8BB19596BAB0032B2EC /* AttributorAppDelegate.m in Sources */ = {isa = PBXBuildFile; fileRef = 144BE8BA19596BAB0032B2EC /* AttributorAppDelegate.m */; };
		144BE8BE19596BAB0032B2EC /* Main.storyboard in Resources */ = {isa = PBXBuildFile; fileRef = 144BE8BC19596BAB0032B2EC /* Main.storyboard */; };
		144BE8C119596BAB0032B2EC /* AttributorViewController.m in Sources */ = {isa = PBXBuildFile; fileRef = 144BE8C019596BAB0032B2EC /* AttributorViewController.m */; };
		144BE8C319596BAB0032B2EC /* Images.xcassets in Resources */ = {isa = PBXBuildFile; fileRef = 144BE8C219596BAB0032B2EC /* Images.xcassets */; };
		144BE8CA19596BAB0032B2EC /* XCTest.framework in Frameworks */ = {isa = PBXBuildFile; fileRef = 144BE8C919596BAB0032B2EC /* XCTest.framework */; };
		144BE8CB19596BAB0032B2EC /* Foundation.framework in Frameworks */ = {isa = PBXBuildFile; fileRef = 144BE8AA19596BAB0032B2EC /* Foundation.framework */; };
		144BE8CC19596BAB0032B2EC /* UIKit.framework in Frameworks */ = {isa = PBXBuildFile; fileRef = 144BE8AE19596BAB0032B2EC /* UIKit.framework */; };
		144BE8D419596BAB0032B2EC /* InfoPlist.strings in Resources */ = {isa = PBXBuildFile; fileRef = 144BE8D219596BAB0032B2EC /* InfoPlist.strings */; };
		144BE8D619596BAB0032B2EC /* AttributorTests.m in Sources */ = {isa = PBXBuildFile; fileRef = 144BE8D519596BAB0032B2EC /* AttributorTests.m */; };
/* End PBXBuildFile section */

/* Begin PBXContainerItemProxy section */
		144BE8CD19596BAB0032B2EC /* PBXContainerItemProxy */ = {
			isa = PBXContainerItemProxy;
			containerPortal = 144BE89F19596BAA0032B2EC /* Project object */;
			proxyType = 1;
			remoteGlobalIDString = 144BE8A619596BAB0032B2EC;
			remoteInfo = Attributor;
		};
/* End PBXContainerItemProxy section */

/* Begin PBXFileReference section */
		143C554F195AE5B40069F08E /* TextStatesViewController.h */ = {isa = PBXFileReference; fileEncoding = 4; lastKnownFileType = sourcecode.c.h; path = TextStatesViewController.h; sourceTree = "<group>"; };
		143C5550195AE5B40069F08E /* TextStatesViewController.m */ = {isa = PBXFileReference; fileEncoding = 4; lastKnownFileType = sourcecode.c.objc; path = TextStatesViewController.m; sourceTree = "<group>"; };
		144BE8A719596BAB0032B2EC /* Attributor.app */ = {isa = PBXFileReference; explicitFileType = wrapper.application; includeInIndex = 0; path = Attributor.app; sourceTree = BUILT_PRODUCTS_DIR; };
		144BE8AA19596BAB0032B2EC /* Foundation.framework */ = {isa = PBXFileReference; lastKnownFileType = wrapper.framework; name = Foundation.framework; path = System/Library/Frameworks/Foundation.framework; sourceTree = SDKROOT; };
		144BE8AC19596BAB0032B2EC /* CoreGraphics.framework */ = {isa = PBXFileReference; lastKnownFileType = wrapper.framework; name = CoreGraphics.framework; path = System/Library/Frameworks/CoreGraphics.framework; sourceTree = SDKROOT; };
		144BE8AE19596BAB0032B2EC /* UIKit.framework */ = {isa = PBXFileReference; lastKnownFileType = wrapper.framework; name = UIKit.framework; path = System/Library/Frameworks/UIKit.framework; sourceTree = SDKROOT; };
		144BE8B219596BAB0032B2EC /* Attributor-Info.plist */ = {isa = PBXFileReference; lastKnownFileType = text.plist.xml; path = "Attributor-Info.plist"; sourceTree = "<group>"; };
		144BE8B419596BAB0032B2EC /* en */ = {isa = PBXFileReference; lastKnownFileType = text.plist.strings; name = en; path = en.lproj/InfoPlist.strings; sourceTree = "<group>"; };
		144BE8B619596BAB0032B2EC /* main.m */ = {isa = PBXFileReference; lastKnownFileType = sourcecode.c.objc; path = main.m; sourceTree = "<group>"; };
		144BE8B819596BAB0032B2EC /* Attributor-Prefix.pch */ = {isa = PBXFileReference; lastKnownFileType = sourcecode.c.h; path = "Attributor-Prefix.pch"; sourceTree = "<group>"; };
		144BE8B919596BAB0032B2EC /* AttributorAppDelegate.h */ = {isa = PBXFileReference; lastKnownFileType = sourcecode.c.h; path = AttributorAppDelegate.h; sourceTree = "<group>"; };
		144BE8BA19596BAB0032B2EC /* AttributorAppDelegate.m */ = {isa = PBXFileReference; lastKnownFileType = sourcecode.c.objc; path = AttributorAppDelegate.m; sourceTree = "<group>"; };
		144BE8BD19596BAB0032B2EC /* Base */ = {isa = PBXFileReference; lastKnownFileType = file.storyboard; name = Base; path = Base.lproj/Main.storyboard; sourceTree = "<group>"; };
		144BE8BF19596BAB0032B2EC /* AttributorViewController.h */ = {isa = PBXFileReference; lastKnownFileType = sourcecode.c.h; path = AttributorViewController.h; sourceTree = "<group>"; };
		144BE8C019596BAB0032B2EC /* AttributorViewController.m */ = {isa = PBXFileReference; lastKnownFileType = sourcecode.c.objc; path = AttributorViewController.m; sourceTree = "<group>"; };
		144BE8C219596BAB0032B2EC /* Images.xcassets */ = {isa = PBXFileReference; lastKnownFileType = folder.assetcatalog; path = Images.xcassets; sourceTree = "<group>"; };
		144BE8C819596BAB0032B2EC /* AttributorTests.xctest */ = {isa = PBXFileReference; explicitFileType = wrapper.cfbundle; includeInIndex = 0; path = AttributorTests.xctest; sourceTree = BUILT_PRODUCTS_DIR; };
		144BE8C919596BAB0032B2EC /* XCTest.framework */ = {isa = PBXFileReference; lastKnownFileType = wrapper.framework; name = XCTest.framework; path = Library/Frameworks/XCTest.framework; sourceTree = DEVELOPER_DIR; };
		144BE8D119596BAB0032B2EC /* AttributorTests-Info.plist */ = {isa = PBXFileReference; lastKnownFileType = text.plist.xml; path = "AttributorTests-Info.plist"; sourceTree = "<group>"; };
		144BE8D319596BAB0032B2EC /* en */ = {isa = PBXFileReference; lastKnownFileType = text.plist.strings; name = en; path = en.lproj/InfoPlist.strings; sourceTree = "<group>"; };
		144BE8D519596BAB0032B2EC /* AttributorTests.m */ = {isa = PBXFileReference; lastKnownFileType = sourcecode.c.objc; path = AttributorTests.m; sourceTree = "<group>"; };
/* End PBXFileReference section */

/* Begin PBXFrameworksBuildPhase section */
		144BE8A419596BAB0032B2EC /* Frameworks */ = {
			isa = PBXFrameworksBuildPhase;
			buildActionMask = 2147483647;
			files = (
				144BE8AD19596BAB0032B2EC /* CoreGraphics.framework in Frameworks */,
				144BE8AF19596BAB0032B2EC /* UIKit.framework in Frameworks */,
				144BE8AB19596BAB0032B2EC /* Foundation.framework in Frameworks */,
			);
			runOnlyForDeploymentPostprocessing = 0;
		};
		144BE8C519596BAB0032B2EC /* Frameworks */ = {
			isa = PBXFrameworksBuildPhase;
			buildActionMask = 2147483647;
			files = (
				144BE8CA19596BAB0032B2EC /* XCTest.framework in Frameworks */,
				144BE8CC19596BAB0032B2EC /* UIKit.framework in Frameworks */,
				144BE8CB19596BAB0032B2EC /* Foundation.framework in Frameworks */,
			);
			runOnlyForDeploymentPostprocessing = 0;
		};
/* End PBXFrameworksBuildPhase section */

/* Begin PBXGroup section */
		144BE89E19596BAA0032B2EC = {
			isa = PBXGroup;
			children = (
				144BE8B019596BAB0032B2EC /* Attributor */,
				144BE8CF19596BAB0032B2EC /* AttributorTests */,
				144BE8A919596BAB0032B2EC /* Frameworks */,
				144BE8A819596BAB0032B2EC /* Products */,
			);
			sourceTree = "<group>";
		};
		144BE8A819596BAB0032B2EC /* Products */ = {
			isa = PBXGroup;
			children = (
				144BE8A719596BAB0032B2EC /* Attributor.app */,
				144BE8C819596BAB0032B2EC /* AttributorTests.xctest */,
			);
			name = Products;
			sourceTree = "<group>";
		};
		144BE8A919596BAB0032B2EC /* Frameworks */ = {
			isa = PBXGroup;
			children = (
				144BE8AA19596BAB0032B2EC /* Foundation.framework */,
				144BE8AC19596BAB0032B2EC /* CoreGraphics.framework */,
				144BE8AE19596BAB0032B2EC /* UIKit.framework */,
				144BE8C919596BAB0032B2EC /* XCTest.framework */,
			);
			name = Frameworks;
			sourceTree = "<group>";
		};
		144BE8B019596BAB0032B2EC /* Attributor */ = {
			isa = PBXGroup;
			children = (
				144BE8BC19596BAB0032B2EC /* Main.storyboard */,
				143C554F195AE5B40069F08E /* TextStatesViewController.h */,
				143C5550195AE5B40069F08E /* TextStatesViewController.m */,
				144BE8BF19596BAB0032B2EC /* AttributorViewController.h */,
				144BE8C019596BAB0032B2EC /* AttributorViewController.m */,
				144BE8C219596BAB0032B2EC /* Images.xcassets */,
				144BE8B119596BAB0032B2EC /* Supporting Files */,
			);
			path = Attributor;
			sourceTree = "<group>";
		};
		144BE8B119596BAB0032B2EC /* Supporting Files */ = {
			isa = PBXGroup;
			children = (
				144BE8B919596BAB0032B2EC /* AttributorAppDelegate.h */,
				144BE8BA19596BAB0032B2EC /* AttributorAppDelegate.m */,
				144BE8B219596BAB0032B2EC /* Attributor-Info.plist */,
				144BE8B319596BAB0032B2EC /* InfoPlist.strings */,
				144BE8B619596BAB0032B2EC /* main.m */,
				144BE8B819596BAB0032B2EC /* Attributor-Prefix.pch */,
			);
			name = "Supporting Files";
			sourceTree = "<group>";
		};
		144BE8CF19596BAB0032B2EC /* AttributorTests */ = {
			isa = PBXGroup;
			children = (
				144BE8D519596BAB0032B2EC /* AttributorTests.m */,
				144BE8D019596BAB0032B2EC /* Supporting Files */,
			);
			path = AttributorTests;
			sourceTree = "<group>";
		};
		144BE8D019596BAB0032B2EC /* Supporting Files */ = {
			isa = PBXGroup;
			children = (
				144BE8D119596BAB0032B2EC /* AttributorTests-Info.plist */,
				144BE8D219596BAB0032B2EC /* InfoPlist.strings */,
			);
			name = "Supporting Files";
			sourceTree = "<group>";
		};
/* End PBXGroup section */

/* Begin PBXNativeTarget section */
		144BE8A619596BAB0032B2EC /* Attributor */ = {
			isa = PBXNativeTarget;
			buildConfigurationList = 144BE8D919596BAB0032B2EC /* Build configuration list for PBXNativeTarget "Attributor" */;
			buildPhases = (
				144BE8A319596BAB0032B2EC /* Sources */,
				144BE8A419596BAB0032B2EC /* Frameworks */,
				144BE8A519596BAB0032B2EC /* Resources */,
			);
			buildRules = (
			);
			dependencies = (
			);
			name = Attributor;
			productName = Attributor;
			productReference = 144BE8A719596BAB0032B2EC /* Attributor.app */;
			productType = "com.apple.product-type.application";
		};
		144BE8C719596BAB0032B2EC /* AttributorTests */ = {
			isa = PBXNativeTarget;
			buildConfigurationList = 144BE8DC19596BAB0032B2EC /* Build configuration list for PBXNativeTarget "AttributorTests" */;
			buildPhases = (
				144BE8C419596BAB0032B2EC /* Sources */,
				144BE8C519596BAB0032B2EC /* Frameworks */,
				144BE8C619596BAB0032B2EC /* Resources */,
			);
			buildRules = (
			);
			dependencies = (
				144BE8CE19596BAB0032B2EC /* PBXTargetDependency */,
			);
			name = AttributorTests;
			productName = AttributorTests;
			productReference = 144BE8C819596BAB0032B2EC /* AttributorTests.xctest */;
			productType = "com.apple.product-type.bundle.unit-test";
		};
/* End PBXNativeTarget section */

/* Begin PBXProject section */
		144BE89F19596BAA0032B2EC /* Project object */ = {
			isa = PBXProject;
			attributes = {
				CLASSPREFIX = Attributor;
				LastUpgradeCheck = 0510;
				ORGANIZATIONNAME = "___FULLUSERNAME___";
				TargetAttributes = {
					144BE8C719596BAB0032B2EC = {
						TestTargetID = 144BE8A619596BAB0032B2EC;
					};
				};
			};
			buildConfigurationList = 144BE8A219596BAA0032B2EC /* Build configuration list for PBXProject "Attributor" */;
			compatibilityVersion = "Xcode 3.2";
			developmentRegion = English;
			hasScannedForEncodings = 0;
			knownRegions = (
				en,
				Base,
			);
			mainGroup = 144BE89E19596BAA0032B2EC;
			productRefGroup = 144BE8A819596BAB0032B2EC /* Products */;
			projectDirPath = "";
			projectRoot = "";
			targets = (
				144BE8A619596BAB0032B2EC /* Attributor */,
				144BE8C719596BAB0032B2EC /* AttributorTests */,
			);
		};
/* End PBXProject section */

/* Begin PBXResourcesBuildPhase section */
		144BE8A519596BAB0032B2EC /* Resources */ = {
			isa = PBXResourcesBuildPhase;
			buildActionMask = 2147483647;
			files = (
				144BE8C319596BAB0032B2EC /* Images.xcassets in Resources */,
				144BE8B519596BAB0032B2EC /* InfoPlist.strings in Resources */,
				144BE8BE19596BAB0032B2EC /* Main.storyboard in Resources */,
			);
			runOnlyForDeploymentPostprocessing = 0;
		};
		144BE8C619596BAB0032B2EC /* Resources */ = {
			isa = PBXResourcesBuildPhase;
			buildActionMask = 2147483647;
			files = (
				144BE8D419596BAB0032B2EC /* InfoPlist.strings in Resources */,
			);
			runOnlyForDeploymentPostprocessing = 0;
		};
/* End PBXResourcesBuildPhase section */

/* Begin PBXSourcesBuildPhase section */
		144BE8A319596BAB0032B2EC /* Sources */ = {
			isa = PBXSourcesBuildPhase;
			buildActionMask = 2147483647;
			files = (
				144BE8BB19596BAB0032B2EC /* AttributorAppDelegate.m in Sources */,
				143C5551195AE5B40069F08E /* TextStatesViewController.m in Sources */,
				144BE8C119596BAB0032B2EC /* AttributorViewController.m in Sources */,
				144BE8B719596BAB0032B2EC /* main.m in Sources */,
			);
			runOnlyForDeploymentPostprocessing = 0;
		};
		144BE8C419596BAB0032B2EC /* Sources */ = {
			isa = PBXSourcesBuildPhase;
			buildActionMask = 2147483647;
			files = (
				144BE8D619596BAB0032B2EC /* AttributorTests.m in Sources */,
			);
			runOnlyForDeploymentPostprocessing = 0;
		};
/* End PBXSourcesBuildPhase section */

/* Begin PBXTargetDependency section */
		144BE8CE19596BAB0032B2EC /* PBXTargetDependency */ = {
			isa = PBXTargetDependency;
			target = 144BE8A619596BAB0032B2EC /* Attributor */;
			targetProxy = 144BE8CD19596BAB0032B2EC /* PBXContainerItemProxy */;
		};
/* End PBXTargetDependency section */

/* Begin PBXVariantGroup section */
		144BE8B319596BAB0032B2EC /* InfoPlist.strings */ = {
			isa = PBXVariantGroup;
			children = (
				144BE8B419596BAB0032B2EC /* en */,
			);
			name = InfoPlist.strings;
			sourceTree = "<group>";
		};
		144BE8BC19596BAB0032B2EC /* Main.storyboard */ = {
			isa = PBXVariantGroup;
			children = (
				144BE8BD19596BAB0032B2EC /* Base */,
			);
			name = Main.storyboard;
			sourceTree = "<group>";
		};
		144BE8D219596BAB0032B2EC /* InfoPlist.strings */ = {
			isa = PBXVariantGroup;
			children = (
				144BE8D319596BAB0032B2EC /* en */,
			);
			name = InfoPlist.strings;
			sourceTree = "<group>";
		};
/* End PBXVariantGroup section */

/* Begin XCBuildConfiguration section */
		144BE8D719596BAB0032B2EC /* Debug */ = {
			isa = XCBuildConfiguration;
			buildSettings = {
				ALWAYS_SEARCH_USER_PATHS = NO;
				CLANG_CXX_LANGUAGE_STANDARD = "gnu++0x";
				CLANG_CXX_LIBRARY = "libc++";
				CLANG_ENABLE_MODULES = YES;
				CLANG_ENABLE_OBJC_ARC = YES;
				CLANG_WARN_BOOL_CONVERSION = YES;
				CLANG_WARN_CONSTANT_CONVERSION = YES;
				CLANG_WARN_DIRECT_OBJC_ISA_USAGE = YES_ERROR;
				CLANG_WARN_EMPTY_BODY = YES;
				CLANG_WARN_ENUM_CONVERSION = YES;
				CLANG_WARN_INT_CONVERSION = YES;
				CLANG_WARN_OBJC_ROOT_CLASS = YES_ERROR;
				CLANG_WARN__DUPLICATE_METHOD_MATCH = YES;
				"CODE_SIGN_IDENTITY[sdk=iphoneos*]" = "iPhone Developer";
				COPY_PHASE_STRIP = NO;
				GCC_C_LANGUAGE_STANDARD = gnu99;
				GCC_DYNAMIC_NO_PIC = NO;
				GCC_OPTIMIZATION_LEVEL = 0;
				GCC_PREPROCESSOR_DEFINITIONS = (
					"DEBUG=1",
					"$(inherited)",
				);
				GCC_SYMBOLS_PRIVATE_EXTERN = NO;
				GCC_WARN_64_TO_32_BIT_CONVERSION = YES;
				GCC_WARN_ABOUT_RETURN_TYPE = YES_ERROR;
				GCC_WARN_UNDECLARED_SELECTOR = YES;
				GCC_WARN_UNINITIALIZED_AUTOS = YES_AGGRESSIVE;
				GCC_WARN_UNUSED_FUNCTION = YES;
				GCC_WARN_UNUSED_VARIABLE = YES;
				IPHONEOS_DEPLOYMENT_TARGET = 7.1;
				ONLY_ACTIVE_ARCH = YES;
				SDKROOT = iphoneos;
			};
			name = Debug;
		};
		144BE8D819596BAB0032B2EC /* Release */ = {
			isa = XCBuildConfiguration;
			buildSettings = {
				ALWAYS_SEARCH_USER_PATHS = NO;
				CLANG_CXX_LANGUAGE_STANDARD = "gnu++0x";
				CLANG_CXX_LIBRARY = "libc++";
				CLANG_ENABLE_MODULES = YES;
				CLANG_ENABLE_OBJC_ARC = YES;
				CLANG_WARN_BOOL_CONVERSION = YES;
				CLANG_WARN_CONSTANT_CONVERSION = YES;
				CLANG_WARN_DIRECT_OBJC_ISA_USAGE = YES_ERROR;
				CLANG_WARN_EMPTY_BODY = YES;
				CLANG_WARN_ENUM_CONVERSION = YES;
				CLANG_WARN_INT_CONVERSION = YES;
				CLANG_WARN_OBJC_ROOT_CLASS = YES_ERROR;
				CLANG_WARN__DUPLICATE_METHOD_MATCH = YES;
				"CODE_SIGN_IDENTITY[sdk=iphoneos*]" = "iPhone Developer";
				COPY_PHASE_STRIP = YES;
				ENABLE_NS_ASSERTIONS = NO;
				GCC_C_LANGUAGE_STANDARD = gnu99;
				GCC_WARN_64_TO_32_BIT_CONVERSION = YES;
				GCC_WARN_ABOUT_RETURN_TYPE = YES_ERROR;
				GCC_WARN_UNDECLARED_SELECTOR = YES;
				GCC_WARN_UNINITIALIZED_AUTOS = YES_AGGRESSIVE;
				GCC_WARN_UNUSED_FUNCTION = YES;
				GCC_WARN_UNUSED_VARIABLE = YES;
				IPHONEOS_DEPLOYMENT_TARGET = 7.1;
				SDKROOT = iphoneos;
				VALIDATE_PRODUCT = YES;
			};
			name = Release;
		};
		144BE8DA19596BAB0032B2EC /* Debug */ = {
			isa = XCBuildConfiguration;
			buildSettings = {
				ASSETCATALOG_COMPILER_APPICON_NAME = AppIcon;
				ASSETCATALOG_COMPILER_LAUNCHIMAGE_NAME = LaunchImage;
				GCC_PRECOMPILE_PREFIX_HEADER = YES;
				GCC_PREFIX_HEADER = "Attributor/Attributor-Prefix.pch";
				INFOPLIST_FILE = "Attributor/Attributor-Info.plist";
				PRODUCT_NAME = "$(TARGET_NAME)";
				WRAPPER_EXTENSION = app;
			};
			name = Debug;
		};
		144BE8DB19596BAB0032B2EC /* Release */ = {
			isa = XCBuildConfiguration;
			buildSettings = {
				ASSETCATALOG_COMPILER_APPICON_NAME = AppIcon;
				ASSETCATALOG_COMPILER_LAUNCHIMAGE_NAME = LaunchImage;
				GCC_PRECOMPILE_PREFIX_HEADER = YES;
				GCC_PREFIX_HEADER = "Attributor/Attributor-Prefix.pch";
				INFOPLIST_FILE = "Attributor/Attributor-Info.plist";
				PRODUCT_NAME = "$(TARGET_NAME)";
				WRAPPER_EXTENSION = app;
			};
			name = Release;
		};
		144BE8DD19596BAB0032B2EC /* Debug */ = {
			isa = XCBuildConfiguration;
			buildSettings = {
				BUNDLE_LOADER = "$(BUILT_PRODUCTS_DIR)/Attributor.app/Attributor";
				FRAMEWORK_SEARCH_PATHS = (
					"$(SDKROOT)/Developer/Library/Frameworks",
					"$(inherited)",
					"$(DEVELOPER_FRAMEWORKS_DIR)",
				);
				GCC_PRECOMPILE_PREFIX_HEADER = YES;
				GCC_PREFIX_HEADER = "Attributor/Attributor-Prefix.pch";
				GCC_PREPROCESSOR_DEFINITIONS = (
					"DEBUG=1",
					"$(inherited)",
				);
				INFOPLIST_FILE = "AttributorTests/AttributorTests-Info.plist";
				PRODUCT_NAME = "$(TARGET_NAME)";
				TEST_HOST = "$(BUNDLE_LOADER)";
				WRAPPER_EXTENSION = xctest;
			};
			name = Debug;
		};
		144BE8DE19596BAB0032B2EC /* Release */ = {
			isa = XCBuildConfiguration;
			buildSettings = {
				BUNDLE_LOADER = "$(BUILT_PRODUCTS_DIR)/Attributor.app/Attributor";
				FRAMEWORK_SEARCH_PATHS = (
					"$(SDKROOT)/Developer/Library/Frameworks",
					"$(inherited)",
					"$(DEVELOPER_FRAMEWORKS_DIR)",
				);
				GCC_PRECOMPILE_PREFIX_HEADER = YES;
				GCC_PREFIX_HEADER = "Attributor/Attributor-Prefix.pch";
				INFOPLIST_FILE = "AttributorTests/AttributorTests-Info.plist";
				PRODUCT_NAME = "$(TARGET_NAME)";
				TEST_HOST = "$(BUNDLE_LOADER)";
				WRAPPER_EXTENSION = xctest;
			};
			name = Release;
		};
/* End XCBuildConfiguration section */

/* Begin XCConfigurationList section */
		144BE8A219596BAA0032B2EC /* Build configuration list for PBXProject "Attributor" */ = {
			isa = XCConfigurationList;
			buildConfigurations = (
				144BE8D719596BAB0032B2EC /* Debug */,
				144BE8D819596BAB0032B2EC /* Release */,
			);
			defaultConfigurationIsVisible = 0;
			defaultConfigurationName = Release;
		};
		144BE8D919596BAB0032B2EC /* Build configuration list for PBXNativeTarget "Attributor" */ = {
			isa = XCConfigurationList;
			buildConfigurations = (
				144BE8DA19596BAB0032B2EC /* Debug */,
				144BE8DB19596BAB0032B2EC /* Release */,
			);
			defaultConfigurationIsVisible = 0;
			defaultConfigurationName = Release;
		};
		144BE8DC19596BAB0032B2EC /* Build configuration list for PBXNativeTarget "AttributorTests" */ = {
			isa = XCConfigurationList;
			buildConfigurations = (
				144BE8DD19596BAB0032B2EC /* Debug */,
				144BE8DE19596BAB0032B2EC /* Release */,
			);
			defaultConfigurationIsVisible = 0;
			defaultConfigurationName = Release;
		};
/* End XCConfigurationList section */
	};
	rootObject = 144BE89F19596BAA0032B2EC /* Project object */;
}
